{
  "nodes": {
    "flake-compat": {
      "flake": false,
      "locked": {
        "lastModified": 1650374568,
        "narHash": "sha256-Z+s0J8/r907g149rllvwhb4pKi8Wam5ij0st8PwAh+E=",
        "owner": "edolstra",
        "repo": "flake-compat",
        "rev": "b4a34015c698c7793d592d66adbab377907a2be8",
        "type": "github"
      },
      "original": {
        "owner": "edolstra",
        "repo": "flake-compat",
        "type": "github"
      }
    },
    "flake-utils": {
      "locked": {
        "lastModified": 1667395993,
        "narHash": "sha256-nuEHfE/LcWyuSWnS8t12N1wc105Qtau+/OdUAjtQ0rA=",
        "owner": "numtide",
        "repo": "flake-utils",
        "rev": "5aed5285a952e0b949eb3ba02c12fa4fcfef535f",
        "type": "github"
      },
      "original": {
        "id": "flake-utils",
        "type": "indirect"
      }
    },
    "home-manager": {
      "inputs": {
        "nixpkgs": [
          "nixpkgs"
        ]
      },
      "locked": {
        "lastModified": 1700814205,
        "narHash": "sha256-lWqDPKHRbQfi+zNIivf031BUeyciVOtwCwTjyrhDB5g=",
        "owner": "nix-community",
        "repo": "home-manager",
        "rev": "aeb2232d7a32530d3448318790534d196bf9427a",
        "type": "github"
      },
      "original": {
        "owner": "nix-community",
        "ref": "release-23.11",
        "repo": "home-manager",
        "type": "github"
      }
    },
    "lsp-nix": {
      "inputs": {
        "flake-compat": [
          "neovim",
          "flake-compat"
        ],
        "flake-utils": [
          "neovim",
          "flake-utils"
        ],
        "nixpkgs": "nixpkgs",
        "overlays": [
          "neovim",
          "overlays"
        ]
      },
      "locked": {
        "lastModified": 1700856570,
        "narHash": "sha256-oigsY/BKSGCZCESYhuJ9rxFk+qrsbtYbbPB9GOM/E54=",
        "rev": "465857a8db6d301f95d8c585380c3ff06dffc5b7",
        "revCount": 20,
        "type": "tarball",
        "url": "https://api.flakehub.com/f/pinned/TheLonelyGhost/lsp/0.1.20%2Brev-465857a8db6d301f95d8c585380c3ff06dffc5b7/018c02f4-7614-72e8-bbb3-c6fc0f73f7d5/source.tar.gz"
      },
      "original": {
        "type": "tarball",
        "url": "https://flakehub.com/f/TheLonelyGhost/lsp/%2A.tar.gz"
      }
    },
    "neovim": {
      "inputs": {
        "flake-compat": [
          "flake-compat"
        ],
        "flake-utils": [
          "flake-utils"
        ],
        "lsp-nix": "lsp-nix",
        "nixpkgs": "nixpkgs_2",
        "overlays": [
          "overlays"
        ]
      },
      "locked": {
        "lastModified": 1700862406,
        "narHash": "sha256-KsRPNsD0ztOQxcJf2FGRiXtvmycboqhdhFntFBKl6+k=",
        "rev": "dc89df32841fcb9a256fd5adc193f1fb6bbe759a",
        "revCount": 59,
        "type": "tarball",
        "url": "https://api.flakehub.com/f/pinned/TheLonelyGhost/neovim/0.1.59%2Brev-dc89df32841fcb9a256fd5adc193f1fb6bbe759a/018c034d-f224-76d4-bc5c-7a17586e2e80/source.tar.gz"
      },
      "original": {
        "type": "tarball",
        "url": "https://flakehub.com/f/TheLonelyGhost/neovim/%2A.tar.gz"
      }
    },
    "nixpkgs": {
      "locked": {
        "lastModified": 1700772233,
        "narHash": "sha256-Y66FIsSNcmatXJegb0EadV7WRzhu+rTmjmT/sn2TbrU=",
        "owner": "NixOS",
        "repo": "nixpkgs",
        "rev": "4ce4354d70ada7582c1ea89ac8feed63c13273c5",
        "type": "github"
      },
      "original": {
        "owner": "NixOS",
        "ref": "nixos-23.11-small",
        "repo": "nixpkgs",
        "type": "github"
      }
    },
    "nixpkgs_2": {
      "locked": {
        "lastModified": 1700772233,
        "narHash": "sha256-Y66FIsSNcmatXJegb0EadV7WRzhu+rTmjmT/sn2TbrU=",
        "owner": "NixOS",
        "repo": "nixpkgs",
        "rev": "4ce4354d70ada7582c1ea89ac8feed63c13273c5",
        "type": "github"
      },
      "original": {
        "owner": "NixOS",
        "ref": "nixos-23.11-small",
        "repo": "nixpkgs",
        "type": "github"
      }
    },
    "nixpkgs_3": {
      "locked": {
        "lastModified": 1700772233,
        "narHash": "sha256-Y66FIsSNcmatXJegb0EadV7WRzhu+rTmjmT/sn2TbrU=",
        "owner": "NixOS",
        "repo": "nixpkgs",
        "rev": "4ce4354d70ada7582c1ea89ac8feed63c13273c5",
        "type": "github"
      },
      "original": {
        "owner": "NixOS",
        "ref": "nixos-23.11-small",
        "repo": "nixpkgs",
        "type": "github"
      }
    },
    "nixpkgs_4": {
      "locked": {
        "lastModified": 1668793589,
        "narHash": "sha256-R46LmO8VWjYjaeGBKjBL1zmvB1ziO5mtv0fJzkNbXiY=",
        "owner": "NixOS",
        "repo": "nixpkgs",
        "rev": "4c80e3665c019daaa91347fbcb4e5ae078cc39d3",
        "type": "github"
      },
      "original": {
        "id": "nixpkgs",
        "type": "indirect"
      }
    },
    "overlays": {
      "locked": {
        "lastModified": 1668714812,
        "narHash": "sha256-9p9XjBWHnrYNlmfnIPnohBiSIPSVM9SbVKsHXIrWN1c=",
        "owner": "thelonelyghost",
        "repo": "blank-overlay-nix",
        "rev": "8e18a869b1d2a09b479e5cb9230604da772f89c9",
        "type": "github"
      },
      "original": {
        "owner": "thelonelyghost",
        "repo": "blank-overlay-nix",
        "type": "github"
      }
    },
    "root": {
      "inputs": {
        "flake-compat": "flake-compat",
        "flake-utils": "flake-utils",
        "home-manager": "home-manager",
        "neovim": "neovim",
        "nixpkgs": "nixpkgs_3",
        "overlays": "overlays",
        "workstation-deps": "workstation-deps",
        "zsh-plugin-syntax-highlight": "zsh-plugin-syntax-highlight"
      }
    },
    "tag": {
      "inputs": {
        "flake-compat": [
          "workstation-deps",
          "flake-compat"
        ],
        "flake-utils": [
          "workstation-deps",
          "flake-utils"
        ],
        "nixpkgs": [
          "workstation-deps",
          "nixpkgs"
        ],
        "overlays": [
          "workstation-deps",
          "overlays"
        ]
      },
      "locked": {
        "lastModified": 1669921892,
        "narHash": "sha256-fHn/XaWOhofo6Cwd+iUsBuCo2YMBNKfOIiE4UdlIh5Y=",
        "owner": "thelonelyghost",
        "repo": "tag",
        "rev": "fc37a646354fbcf5fe46d960362995892d4b3f64",
        "type": "github"
      },
      "original": {
        "owner": "thelonelyghost",
        "repo": "tag",
        "type": "github"
      }
    },
    "workstation-deps": {
      "inputs": {
        "flake-compat": [
          "flake-compat"
        ],
        "flake-utils": [
          "flake-utils"
        ],
        "nixpkgs": "nixpkgs_4",
        "overlays": [
          "overlays"
        ],
        "tag": "tag"
      },
      "locked": {
        "lastModified": 1674968317,
        "narHash": "sha256-jU21FGJqjB4VJ+KFQW0TRQ4MSr6RM2WappfOaosvYz0=",
        "owner": "thelonelyghost",
        "repo": "workstation-deps-nix",
        "rev": "0ee40489d4ba5d3d5c4430b57dfd13d11da484d0",
        "type": "github"
      },
      "original": {
        "owner": "thelonelyghost",
        "repo": "workstation-deps-nix",
        "type": "github"
      }
    },
    "zsh-plugin-syntax-highlight": {
      "flake": false,
      "locked": {
        "lastModified": 1668912623,
        "narHash": "sha256-wLpgkX53wzomHMEpymvWE86EJfxlIb3S8TPy74WOBD4=",
        "owner": "zdharma-continuum",
        "repo": "fast-syntax-highlighting",
        "rev": "7c390ee3bfa8069b8519582399e0a67444e6ea61",
        "type": "github"
      },
      "original": {
        "owner": "zdharma-continuum",
        "repo": "fast-syntax-highlighting",
        "type": "github"
      }
    }
  },
  "root": "root",
  "version": 7
}
