{
  "nodes": {
    "flake-compat": {
      "flake": false,
      "locked": {
        "lastModified": 1641205782,
        "narHash": "sha256-4jY7RCWUoZ9cKD8co0/4tFARpWB+57+r1bLLvXNJliY=",
        "owner": "edolstra",
        "repo": "flake-compat",
        "rev": "b7547d3eed6f32d06102ead8991ec52ab0a4f1a7",
        "type": "github"
      },
      "original": {
        "owner": "edolstra",
        "repo": "flake-compat",
        "type": "github"
      }
    },
    "flake-compat_2": {
      "flake": false,
      "locked": {
        "lastModified": 1641205782,
        "narHash": "sha256-4jY7RCWUoZ9cKD8co0/4tFARpWB+57+r1bLLvXNJliY=",
        "owner": "edolstra",
        "repo": "flake-compat",
        "rev": "b7547d3eed6f32d06102ead8991ec52ab0a4f1a7",
        "type": "github"
      },
      "original": {
        "owner": "edolstra",
        "repo": "flake-compat",
        "type": "github"
      }
    },
    "flake-compat_3": {
      "flake": false,
      "locked": {
        "lastModified": 1641205782,
        "narHash": "sha256-4jY7RCWUoZ9cKD8co0/4tFARpWB+57+r1bLLvXNJliY=",
        "owner": "edolstra",
        "repo": "flake-compat",
        "rev": "b7547d3eed6f32d06102ead8991ec52ab0a4f1a7",
        "type": "github"
      },
      "original": {
        "owner": "edolstra",
        "repo": "flake-compat",
        "type": "github"
      }
    },
    "flake-compat_4": {
      "flake": false,
      "locked": {
        "lastModified": 1641205782,
        "narHash": "sha256-4jY7RCWUoZ9cKD8co0/4tFARpWB+57+r1bLLvXNJliY=",
        "owner": "edolstra",
        "repo": "flake-compat",
        "rev": "b7547d3eed6f32d06102ead8991ec52ab0a4f1a7",
        "type": "github"
      },
      "original": {
        "owner": "edolstra",
        "repo": "flake-compat",
        "type": "github"
      }
    },
    "flake-compat_5": {
      "flake": false,
      "locked": {
        "lastModified": 1641205782,
        "narHash": "sha256-4jY7RCWUoZ9cKD8co0/4tFARpWB+57+r1bLLvXNJliY=",
        "owner": "edolstra",
        "repo": "flake-compat",
        "rev": "b7547d3eed6f32d06102ead8991ec52ab0a4f1a7",
        "type": "github"
      },
      "original": {
        "owner": "edolstra",
        "repo": "flake-compat",
        "type": "github"
      }
    },
    "flake-compat_6": {
      "flake": false,
      "locked": {
        "lastModified": 1641205782,
        "narHash": "sha256-4jY7RCWUoZ9cKD8co0/4tFARpWB+57+r1bLLvXNJliY=",
        "owner": "edolstra",
        "repo": "flake-compat",
        "rev": "b7547d3eed6f32d06102ead8991ec52ab0a4f1a7",
        "type": "github"
      },
      "original": {
        "owner": "edolstra",
        "repo": "flake-compat",
        "type": "github"
      }
    },
    "flake-utils": {
      "locked": {
        "lastModified": 1638122382,
        "narHash": "sha256-sQzZzAbvKEqN9s0bzWuYmRaA03v40gaJ4+iL1LXjaeI=",
        "owner": "numtide",
        "repo": "flake-utils",
        "rev": "74f7e4319258e287b0f9cb95426c9853b282730b",
        "type": "github"
      },
      "original": {
        "owner": "numtide",
        "repo": "flake-utils",
        "type": "github"
      }
    },
    "flake-utils_2": {
      "locked": {
        "lastModified": 1638122382,
        "narHash": "sha256-sQzZzAbvKEqN9s0bzWuYmRaA03v40gaJ4+iL1LXjaeI=",
        "owner": "numtide",
        "repo": "flake-utils",
        "rev": "74f7e4319258e287b0f9cb95426c9853b282730b",
        "type": "github"
      },
      "original": {
        "owner": "numtide",
        "repo": "flake-utils",
        "type": "github"
      }
    },
    "flake-utils_3": {
      "locked": {
        "lastModified": 1638122382,
        "narHash": "sha256-sQzZzAbvKEqN9s0bzWuYmRaA03v40gaJ4+iL1LXjaeI=",
        "owner": "numtide",
        "repo": "flake-utils",
        "rev": "74f7e4319258e287b0f9cb95426c9853b282730b",
        "type": "github"
      },
      "original": {
        "owner": "numtide",
        "repo": "flake-utils",
        "type": "github"
      }
    },
    "flake-utils_4": {
      "locked": {
        "lastModified": 1638122382,
        "narHash": "sha256-sQzZzAbvKEqN9s0bzWuYmRaA03v40gaJ4+iL1LXjaeI=",
        "owner": "numtide",
        "repo": "flake-utils",
        "rev": "74f7e4319258e287b0f9cb95426c9853b282730b",
        "type": "github"
      },
      "original": {
        "owner": "numtide",
        "repo": "flake-utils",
        "type": "github"
      }
    },
    "flake-utils_5": {
      "locked": {
        "lastModified": 1638122382,
        "narHash": "sha256-sQzZzAbvKEqN9s0bzWuYmRaA03v40gaJ4+iL1LXjaeI=",
        "owner": "numtide",
        "repo": "flake-utils",
        "rev": "74f7e4319258e287b0f9cb95426c9853b282730b",
        "type": "github"
      },
      "original": {
        "owner": "numtide",
        "repo": "flake-utils",
        "type": "github"
      }
    },
    "flake-utils_6": {
      "locked": {
        "lastModified": 1638122382,
        "narHash": "sha256-sQzZzAbvKEqN9s0bzWuYmRaA03v40gaJ4+iL1LXjaeI=",
        "owner": "numtide",
        "repo": "flake-utils",
        "rev": "74f7e4319258e287b0f9cb95426c9853b282730b",
        "type": "github"
      },
      "original": {
        "owner": "numtide",
        "repo": "flake-utils",
        "type": "github"
      }
    },
    "golang-webdev": {
      "inputs": {
        "flake-compat": "flake-compat_2",
        "flake-utils": "flake-utils_2",
        "nixpkgs": "nixpkgs"
      },
      "locked": {
        "lastModified": 1642661174,
        "narHash": "sha256-PZYMf/TyKEdtZYAcYNlkEhPya6y117Qo3gB3/D5/zxk=",
        "owner": "thelonelyghost",
        "repo": "golang-webdev-nix",
        "rev": "69c080aace52629c2157f5d60cfa9405972e0d09",
        "type": "github"
      },
      "original": {
        "owner": "thelonelyghost",
        "repo": "golang-webdev-nix",
        "type": "github"
      }
    },
    "home-manager": {
      "inputs": {
        "nixpkgs": [
          "nixpkgs"
        ]
      },
      "locked": {
        "lastModified": 1641459437,
        "narHash": "sha256-z0IOcc6LLbVhyri/aTyWzRqJs3p1pBK9idOiMwCWiqs=",
        "owner": "nix-community",
        "repo": "home-manager",
        "rev": "c751aeb19e84a0a777f36fd5ea73482a066bb406",
        "type": "github"
      },
      "original": {
        "owner": "nix-community",
        "repo": "home-manager",
        "type": "github"
      }
    },
    "lsp-nix": {
      "inputs": {
        "flake-compat": "flake-compat_4",
        "flake-utils": "flake-utils_4",
        "nixpkgs": "nixpkgs_2"
      },
      "locked": {
        "lastModified": 1642660481,
        "narHash": "sha256-3StO6VIQrGC2vzI/602C/vVzjW/hS7X4Llny8aN0T50=",
        "owner": "thelonelyghost",
        "repo": "lsp-nix",
        "rev": "33f7ed213d5e10054c55c1f354c97336484468b7",
        "type": "github"
      },
      "original": {
        "owner": "thelonelyghost",
        "repo": "lsp-nix",
        "type": "github"
      }
    },
    "neovim-nix": {
      "inputs": {
        "flake-compat": "flake-compat_3",
        "flake-utils": "flake-utils_3",
        "lsp-nix": "lsp-nix",
        "nixpkgs": "nixpkgs_3"
      },
      "locked": {
        "lastModified": 1644790003,
        "narHash": "sha256-kdoQXhwl4hB7vQLWaCnTktJeE9aKU6Ha4SGct74VdqI=",
        "owner": "thelonelyghost",
        "repo": "neovim-nix",
        "rev": "1d3191cf4c655b08887e7e707bb9d8997bd644a7",
        "type": "github"
      },
      "original": {
        "owner": "thelonelyghost",
        "repo": "neovim-nix",
        "type": "github"
      }
    },
    "nixpkgs": {
      "locked": {
        "lastModified": 1641463613,
        "narHash": "sha256-xZN9igqdZvnhSeTx8OlGby/OaYQHwgXVrBrPW0gLEh8=",
        "owner": "NixOS",
        "repo": "nixpkgs",
        "rev": "77fda7f672726e1a95c8cd200f27bccfc86c870b",
        "type": "github"
      },
      "original": {
        "owner": "NixOS",
        "ref": "nixpkgs-unstable",
        "repo": "nixpkgs",
        "type": "github"
      }
    },
    "nixpkgs_2": {
      "locked": {
        "lastModified": 1641463613,
        "narHash": "sha256-xZN9igqdZvnhSeTx8OlGby/OaYQHwgXVrBrPW0gLEh8=",
        "owner": "NixOS",
        "repo": "nixpkgs",
        "rev": "77fda7f672726e1a95c8cd200f27bccfc86c870b",
        "type": "github"
      },
      "original": {
        "owner": "NixOS",
        "ref": "nixpkgs-unstable",
        "repo": "nixpkgs",
        "type": "github"
      }
    },
    "nixpkgs_3": {
      "locked": {
        "lastModified": 1642160200,
        "narHash": "sha256-5mb1nvh2vWlnKvyJzGNKsL7AQRFk+H5E/Xh83fTzYG4=",
        "owner": "NixOS",
        "repo": "nixpkgs",
        "rev": "e5a50e8f2995ff359a170d52cc40adbcfdd92ba4",
        "type": "github"
      },
      "original": {
        "owner": "NixOS",
        "ref": "nixpkgs-unstable",
        "repo": "nixpkgs",
        "type": "github"
      }
    },
    "nixpkgs_4": {
      "locked": {
        "lastModified": 1641577433,
        "narHash": "sha256-T7lS8vpbC3dgtrkb2ueC9HWaX4RYUwdP7IEttnvKQ8Y=",
        "owner": "NixOS",
        "repo": "nixpkgs",
        "rev": "568e0bc498ee51fdd88e1e94089de05f2fdbd18b",
        "type": "github"
      },
      "original": {
        "id": "nixpkgs",
        "type": "indirect"
      }
    },
    "nixpkgs_5": {
      "locked": {
        "lastModified": 1641463613,
        "narHash": "sha256-xZN9igqdZvnhSeTx8OlGby/OaYQHwgXVrBrPW0gLEh8=",
        "owner": "NixOS",
        "repo": "nixpkgs",
        "rev": "77fda7f672726e1a95c8cd200f27bccfc86c870b",
        "type": "github"
      },
      "original": {
        "owner": "NixOS",
        "ref": "nixpkgs-unstable",
        "repo": "nixpkgs",
        "type": "github"
      }
    },
    "nixpkgs_6": {
      "locked": {
        "lastModified": 1641521701,
        "narHash": "sha256-IuW+4EqqKjNdJ4yO0Qr8k63OkyV1TaF5vsrZzU3GCfI=",
        "owner": "NixOS",
        "repo": "nixpkgs",
        "rev": "d77bbfcbb650d9c219ca3286e1efb707b922d7c2",
        "type": "github"
      },
      "original": {
        "owner": "NixOS",
        "ref": "nixpkgs-unstable",
        "repo": "nixpkgs",
        "type": "github"
      }
    },
    "root": {
      "inputs": {
        "flake-compat": "flake-compat",
        "flake-utils": "flake-utils",
        "golang-webdev": "golang-webdev",
        "home-manager": "home-manager",
        "neovim-nix": "neovim-nix",
        "nixpkgs": "nixpkgs_4",
        "workstation-deps": "workstation-deps",
        "zsh-plugin-syntax-highlight": "zsh-plugin-syntax-highlight"
      }
    },
    "tag": {
      "inputs": {
        "flake-compat": "flake-compat_6",
        "flake-utils": "flake-utils_6",
        "nixpkgs": "nixpkgs_6"
      },
      "locked": {
        "lastModified": 1641585893,
        "narHash": "sha256-59ryx3kCKuPTnN8w4HzFs9Ucu24mQdHYf0ORU6MXGDE=",
        "owner": "thelonelyghost",
        "repo": "tag",
        "rev": "acebd55789990c549d6e5296c52bfacbe93f2e40",
        "type": "github"
      },
      "original": {
        "owner": "thelonelyghost",
        "repo": "tag",
        "type": "github"
      }
    },
    "workstation-deps": {
      "inputs": {
        "flake-compat": "flake-compat_5",
        "flake-utils": "flake-utils_5",
        "nixpkgs": "nixpkgs_5",
        "tag": "tag"
      },
      "locked": {
        "lastModified": 1641790559,
        "narHash": "sha256-cFX6Py7Io/9s0b8+OHfb8B/LF8kZ/Zoeucob1C3KWbw=",
        "owner": "thelonelyghost",
        "repo": "workstation-deps-nix",
        "rev": "2ff459cc91078968dbecf7b493076d6d0447d149",
        "type": "github"
      },
      "original": {
        "owner": "thelonelyghost",
        "repo": "workstation-deps-nix",
        "type": "github"
      }
    },
    "zsh-plugin-syntax-highlight": {
      "flake": false,
      "locked": {
        "lastModified": 1636856829,
        "narHash": "sha256-x+4C2u03RueNo6/ZXsueqmYoPIpDHnKAZXP5IiKsidE=",
        "owner": "zdharma-continuum",
        "repo": "fast-syntax-highlighting",
        "rev": "585c089968caa1c904cbe926ff04a1be9e3d8f42",
        "type": "github"
      },
      "original": {
        "owner": "zdharma-continuum",
        "repo": "fast-syntax-highlighting",
        "type": "github"
      }
    }
  },
  "root": "root",
  "version": 7
}
