{
  "nodes": {
    "flake-compat": {
      "flake": false,
      "locked": {
        "lastModified": 1650374568,
        "narHash": "sha256-Z+s0J8/r907g149rllvwhb4pKi8Wam5ij0st8PwAh+E=",
        "owner": "edolstra",
        "repo": "flake-compat",
        "rev": "b4a34015c698c7793d592d66adbab377907a2be8",
        "type": "github"
      },
      "original": {
        "owner": "edolstra",
        "repo": "flake-compat",
        "type": "github"
      }
    },
    "flake-utils": {
      "locked": {
        "lastModified": 1667395993,
        "narHash": "sha256-nuEHfE/LcWyuSWnS8t12N1wc105Qtau+/OdUAjtQ0rA=",
        "owner": "numtide",
        "repo": "flake-utils",
        "rev": "5aed5285a952e0b949eb3ba02c12fa4fcfef535f",
        "type": "github"
      },
      "original": {
        "id": "flake-utils",
        "type": "indirect"
      }
    },
    "golang-webdev": {
      "inputs": {
        "flake-compat": [
          "flake-compat"
        ],
        "flake-utils": [
          "flake-utils"
        ],
        "nixpkgs": "nixpkgs"
      },
      "locked": {
        "lastModified": 1642661174,
        "narHash": "sha256-PZYMf/TyKEdtZYAcYNlkEhPya6y117Qo3gB3/D5/zxk=",
        "owner": "thelonelyghost",
        "repo": "golang-webdev-nix",
        "rev": "69c080aace52629c2157f5d60cfa9405972e0d09",
        "type": "github"
      },
      "original": {
        "owner": "thelonelyghost",
        "repo": "golang-webdev-nix",
        "type": "github"
      }
    },
    "home-manager": {
      "inputs": {
        "nixpkgs": [
          "nixpkgs"
        ],
        "utils": "utils"
      },
      "locked": {
        "lastModified": 1668332334,
        "narHash": "sha256-YT1qcE/MCqBO1Bi/Yr6GcFpNKsvmzrBKh8juyXDbxQc=",
        "owner": "nix-community",
        "repo": "home-manager",
        "rev": "bc90de24d898655542589237cc0a6ada7564cb6c",
        "type": "github"
      },
      "original": {
        "owner": "nix-community",
        "repo": "home-manager",
        "type": "github"
      }
    },
    "lsp-nix": {
      "inputs": {
        "flake-compat": [
          "neovim",
          "flake-compat"
        ],
        "flake-utils": [
          "neovim",
          "flake-utils"
        ],
        "nixpkgs": "nixpkgs_2",
        "overlays": [
          "neovim",
          "overlays"
        ]
      },
      "locked": {
        "lastModified": 1668722765,
        "narHash": "sha256-2WxRzZ+Jo/Tp7K3Je+rMVEosMysdeew0DN3Trb2ny0I=",
        "owner": "thelonelyghost",
        "repo": "lsp-nix",
        "rev": "2bd3902d408a5c04e92851bbd0c2096e8b582222",
        "type": "github"
      },
      "original": {
        "owner": "thelonelyghost",
        "repo": "lsp-nix",
        "type": "github"
      }
    },
    "neovim": {
      "inputs": {
        "flake-compat": [
          "flake-compat"
        ],
        "flake-utils": [
          "flake-utils"
        ],
        "lsp-nix": "lsp-nix",
        "nixpkgs": "nixpkgs_3",
        "overlays": [
          "overlays"
        ],
        "tree-sitter-nix": "tree-sitter-nix"
      },
      "locked": {
        "lastModified": 1668723426,
        "narHash": "sha256-Pa9N4DMlklKjegIV6q/kZ72OIBOf3tMPxJSuKpuC1uw=",
        "owner": "thelonelyghost",
        "repo": "neovim-nix",
        "rev": "e520c44f5dc88b79aac665f3ab8297d433f1eb75",
        "type": "github"
      },
      "original": {
        "owner": "thelonelyghost",
        "repo": "neovim-nix",
        "type": "github"
      }
    },
    "nixpkgs": {
      "locked": {
        "lastModified": 1641463613,
        "narHash": "sha256-xZN9igqdZvnhSeTx8OlGby/OaYQHwgXVrBrPW0gLEh8=",
        "owner": "NixOS",
        "repo": "nixpkgs",
        "rev": "77fda7f672726e1a95c8cd200f27bccfc86c870b",
        "type": "github"
      },
      "original": {
        "owner": "NixOS",
        "ref": "nixpkgs-unstable",
        "repo": "nixpkgs",
        "type": "github"
      }
    },
    "nixpkgs_2": {
      "locked": {
        "lastModified": 1641463613,
        "narHash": "sha256-xZN9igqdZvnhSeTx8OlGby/OaYQHwgXVrBrPW0gLEh8=",
        "owner": "NixOS",
        "repo": "nixpkgs",
        "rev": "77fda7f672726e1a95c8cd200f27bccfc86c870b",
        "type": "github"
      },
      "original": {
        "id": "nixpkgs",
        "type": "indirect"
      }
    },
    "nixpkgs_3": {
      "locked": {
        "lastModified": 1668231603,
        "narHash": "sha256-/4br947zgRqABb52iLF4DCHgD49Fw5aQ6/IdTwaM95E=",
        "owner": "NixOS",
        "repo": "nixpkgs",
        "rev": "d8f2c4d846a2e65ad3f5a5e842b672f0b81588a2",
        "type": "github"
      },
      "original": {
        "id": "nixpkgs",
        "type": "indirect"
      }
    },
    "nixpkgs_4": {
      "locked": {
        "lastModified": 1668231603,
        "narHash": "sha256-/4br947zgRqABb52iLF4DCHgD49Fw5aQ6/IdTwaM95E=",
        "owner": "NixOS",
        "repo": "nixpkgs",
        "rev": "d8f2c4d846a2e65ad3f5a5e842b672f0b81588a2",
        "type": "github"
      },
      "original": {
        "id": "nixpkgs",
        "type": "indirect"
      }
    },
    "nixpkgs_5": {
      "locked": {
        "lastModified": 1668058645,
        "narHash": "sha256-vHAXeYfKVO6ZbDN0GquEPVFZ42LzlYoX4ZWuKteFzj0=",
        "owner": "NixOS",
        "repo": "nixpkgs",
        "rev": "d01cb18be494e3d860fcfe6be4ad63614360333c",
        "type": "github"
      },
      "original": {
        "id": "nixpkgs",
        "type": "indirect"
      }
    },
    "nixpkgs_6": {
      "locked": {
        "lastModified": 1641463613,
        "narHash": "sha256-xZN9igqdZvnhSeTx8OlGby/OaYQHwgXVrBrPW0gLEh8=",
        "owner": "NixOS",
        "repo": "nixpkgs",
        "rev": "77fda7f672726e1a95c8cd200f27bccfc86c870b",
        "type": "github"
      },
      "original": {
        "owner": "NixOS",
        "ref": "nixpkgs-unstable",
        "repo": "nixpkgs",
        "type": "github"
      }
    },
    "overlays": {
      "locked": {
        "lastModified": 1668714812,
        "narHash": "sha256-9p9XjBWHnrYNlmfnIPnohBiSIPSVM9SbVKsHXIrWN1c=",
        "owner": "thelonelyghost",
        "repo": "blank-overlay-nix",
        "rev": "8e18a869b1d2a09b479e5cb9230604da772f89c9",
        "type": "github"
      },
      "original": {
        "owner": "thelonelyghost",
        "repo": "blank-overlay-nix",
        "type": "github"
      }
    },
    "root": {
      "inputs": {
        "flake-compat": "flake-compat",
        "flake-utils": "flake-utils",
        "golang-webdev": "golang-webdev",
        "home-manager": "home-manager",
        "neovim": "neovim",
        "nixpkgs": "nixpkgs_5",
        "overlays": "overlays",
        "workstation-deps": "workstation-deps",
        "zsh-plugin-syntax-highlight": "zsh-plugin-syntax-highlight"
      }
    },
    "tag": {
      "inputs": {
        "flake-compat": [
          "workstation-deps",
          "flake-compat"
        ],
        "flake-utils": [
          "workstation-deps",
          "flake-compat"
        ],
        "nixpkgs": [
          "workstation-deps",
          "nixpkgs"
        ],
        "overlays": [
          "workstation-deps",
          "overlays"
        ]
      },
      "locked": {
        "lastModified": 1668723885,
        "narHash": "sha256-cQgSyjIOSsNRNOSc3VrfAux6aUCHvIhC9qsrte3+j40=",
        "owner": "thelonelyghost",
        "repo": "tag",
        "rev": "1bf3ef96d74a469044114787562dcb2e0b137bac",
        "type": "github"
      },
      "original": {
        "owner": "thelonelyghost",
        "repo": "tag",
        "type": "github"
      }
    },
    "tree-sitter-nix": {
      "inputs": {
        "flake-compat": [
          "neovim",
          "flake-compat"
        ],
        "flake-utils": [
          "neovim",
          "flake-utils"
        ],
        "nixpkgs": "nixpkgs_4",
        "overlays": [
          "neovim",
          "overlays"
        ]
      },
      "locked": {
        "lastModified": 1668722867,
        "narHash": "sha256-KhzU03r3ReesivnJaPLVUVkbz4XUR2WRa/fH7u3V53E=",
        "owner": "thelonelyghost",
        "repo": "tree-sitter-nix",
        "rev": "4357ab854abdc9ebf2a59e4bcd323a7e0559d356",
        "type": "github"
      },
      "original": {
        "owner": "thelonelyghost",
        "repo": "tree-sitter-nix",
        "type": "github"
      }
    },
    "utils": {
      "locked": {
        "lastModified": 1667395993,
        "narHash": "sha256-nuEHfE/LcWyuSWnS8t12N1wc105Qtau+/OdUAjtQ0rA=",
        "owner": "numtide",
        "repo": "flake-utils",
        "rev": "5aed5285a952e0b949eb3ba02c12fa4fcfef535f",
        "type": "github"
      },
      "original": {
        "owner": "numtide",
        "repo": "flake-utils",
        "type": "github"
      }
    },
    "workstation-deps": {
      "inputs": {
        "flake-compat": [
          "flake-compat"
        ],
        "flake-utils": [
          "flake-utils"
        ],
        "nixpkgs": "nixpkgs_6",
        "overlays": [
          "overlays"
        ],
        "tag": "tag"
      },
      "locked": {
        "lastModified": 1668724070,
        "narHash": "sha256-PzCWtnFvvjMSxkFAFGYERyuJxJSvrZosJsWxeBb2/D8=",
        "owner": "thelonelyghost",
        "repo": "workstation-deps-nix",
        "rev": "2d8749f3259a5c1d18ea3cda896b6467597452aa",
        "type": "github"
      },
      "original": {
        "owner": "thelonelyghost",
        "repo": "workstation-deps-nix",
        "type": "github"
      }
    },
    "zsh-plugin-syntax-highlight": {
      "flake": false,
      "locked": {
        "lastModified": 1664594535,
        "narHash": "sha256-T4k0pbT7aqLrIRIi2EM15LXCnpRFHzFilAYfRG6kbeY=",
        "owner": "zdharma-continuum",
        "repo": "fast-syntax-highlighting",
        "rev": "770bcd986620d6172097dc161178210855808ee0",
        "type": "github"
      },
      "original": {
        "owner": "zdharma-continuum",
        "repo": "fast-syntax-highlighting",
        "type": "github"
      }
    }
  },
  "root": "root",
  "version": 7
}
